
Microsoft Visual Studio Solution File, Format Version 12.00
# Visual Studio Version 16
VisualStudioVersion = 16.0.29215.179
MinimumVisualStudioVersion = 10.0.40219.1
Project("{FAE04EC0-301F-11D3-BF4B-00C04F79EFBC}") = "СSharp_Lab2", "СSharp_Lab2\СSharp_Lab2.csproj", "{BD43714C-C8DD-4584-9B47-E57DF5CD803F}"
EndProject
Global
	GlobalSection(SolutionConfigurationPlatforms) = preSolution
		Debug|Any CPU = Debug|Any CPU
		Release|Any CPU = Release|Any CPU
	EndGlobalSection
	GlobalSection(ProjectConfigurationPlatforms) = postSolution
		{BD43714C-C8DD-4584-9B47-E57DF5CD803F}.Debug|Any CPU.ActiveCfg = Debug|Any CPU
		{BD43714C-C8DD-4584-9B47-E57DF5CD803F}.Debug|Any CPU.Build.0 = Debug|Any CPU
		{BD43714C-C8DD-4584-9B47-E57DF5CD803F}.Release|Any CPU.ActiveCfg = Release|Any CPU
		{BD43714C-C8DD-4584-9B47-E57DF5CD803F}.Release|Any CPU.Build.0 = Release|Any CPU
	EndGlobalSection
	GlobalSection(SolutionProperties) = preSolution
		HideSolutionNode = FALSE
	EndGlobalSection
	GlobalSection(ExtensibilityGlobals) = postSolution
		SolutionGuid = {F8E9F393-BB33-4E40-AA91-5898596F7089}
	EndGlobalSection
EndGlobal
