
Microsoft Visual Studio Solution File, Format Version 12.00
# Visual Studio Version 16
VisualStudioVersion = 16.0.29215.179
MinimumVisualStudioVersion = 10.0.40219.1
Project("{FAE04EC0-301F-11D3-BF4B-00C04F79EFBC}") = "CSharp_Lab6", "CSharp_Lab6\CSharp_Lab6.csproj", "{FD70FEAE-B052-48DE-B907-533C0E90E9A0}"
EndProject
Global
	GlobalSection(SolutionConfigurationPlatforms) = preSolution
		Debug|Any CPU = Debug|Any CPU
		Release|Any CPU = Release|Any CPU
	EndGlobalSection
	GlobalSection(ProjectConfigurationPlatforms) = postSolution
		{FD70FEAE-B052-48DE-B907-533C0E90E9A0}.Debug|Any CPU.ActiveCfg = Debug|Any CPU
		{FD70FEAE-B052-48DE-B907-533C0E90E9A0}.Debug|Any CPU.Build.0 = Debug|Any CPU
		{FD70FEAE-B052-48DE-B907-533C0E90E9A0}.Release|Any CPU.ActiveCfg = Release|Any CPU
		{FD70FEAE-B052-48DE-B907-533C0E90E9A0}.Release|Any CPU.Build.0 = Release|Any CPU
	EndGlobalSection
	GlobalSection(SolutionProperties) = preSolution
		HideSolutionNode = FALSE
	EndGlobalSection
	GlobalSection(ExtensibilityGlobals) = postSolution
		SolutionGuid = {7808A3A3-A700-4A12-8565-ACB6AF2DBA76}
	EndGlobalSection
EndGlobal
